
Microsoft Visual Studio Solution File, Format Version 12.00
# Visual Studio 15
VisualStudioVersion = 15.0.28306.52
MinimumVisualStudioVersion = 10.0.40219.1
Project("{FAE04EC0-301F-11D3-BF4B-00C04F79EFBC}") = "BasketballTimer", "BasketballTimer\BasketballTimer.csproj", "{DDD5E5AC-D404-4263-9618-C227447B33FC}"
EndProject
Global
	GlobalSection(SolutionConfigurationPlatforms) = preSolution
		Debug|Any CPU = Debug|Any CPU
		Release|Any CPU = Release|Any CPU
	EndGlobalSection
	GlobalSection(ProjectConfigurationPlatforms) = postSolution
		{DDD5E5AC-D404-4263-9618-C227447B33FC}.Debug|Any CPU.ActiveCfg = Debug|Any CPU
		{DDD5E5AC-D404-4263-9618-C227447B33FC}.Debug|Any CPU.Build.0 = Debug|Any CPU
		{DDD5E5AC-D404-4263-9618-C227447B33FC}.Release|Any CPU.ActiveCfg = Release|Any CPU
		{DDD5E5AC-D404-4263-9618-C227447B33FC}.Release|Any CPU.Build.0 = Release|Any CPU
	EndGlobalSection
	GlobalSection(SolutionProperties) = preSolution
		HideSolutionNode = FALSE
	EndGlobalSection
	GlobalSection(ExtensibilityGlobals) = postSolution
		SolutionGuid = {78665BA0-AF04-459F-9405-EAB1410D36DE}
	EndGlobalSection
EndGlobal
